
Microsoft Visual Studio Solution File, Format Version 12.00
# Visual Studio Version 17
VisualStudioVersion = 17.7.34031.279
MinimumVisualStudioVersion = 10.0.40219.1
Project("{FAE04EC0-301F-11D3-BF4B-00C04F79EFBC}") = "HesaplamaProgrami", "HesaplamaProgrami\HesaplamaProgrami.csproj", "{5B63DDD1-26E4-4D0D-954C-7D04F9EE40DD}"
EndProject
Global
	GlobalSection(SolutionConfigurationPlatforms) = preSolution
		Debug|Any CPU = Debug|Any CPU
		Release|Any CPU = Release|Any CPU
	EndGlobalSection
	GlobalSection(ProjectConfigurationPlatforms) = postSolution
		{5B63DDD1-26E4-4D0D-954C-7D04F9EE40DD}.Debug|Any CPU.ActiveCfg = Debug|Any CPU
		{5B63DDD1-26E4-4D0D-954C-7D04F9EE40DD}.Debug|Any CPU.Build.0 = Debug|Any CPU
		{5B63DDD1-26E4-4D0D-954C-7D04F9EE40DD}.Release|Any CPU.ActiveCfg = Release|Any CPU
		{5B63DDD1-26E4-4D0D-954C-7D04F9EE40DD}.Release|Any CPU.Build.0 = Release|Any CPU
	EndGlobalSection
	GlobalSection(SolutionProperties) = preSolution
		HideSolutionNode = FALSE
	EndGlobalSection
	GlobalSection(ExtensibilityGlobals) = postSolution
		SolutionGuid = {7F2D6CB0-C7B3-4571-933D-B115CC5782B3}
	EndGlobalSection
EndGlobal
